
Microsoft Visual Studio Solution File, Format Version 12.00
# Visual Studio Version 17
VisualStudioVersion = 17.7.34221.43
MinimumVisualStudioVersion = 10.0.40219.1
Project("{FAE04EC0-301F-11D3-BF4B-00C04F79EFBC}") = "j4nis05.ch", "j4nis05.ch.csproj", "{D3D8D80C-9F90-4AD5-A617-89AA0EA96F26}"
EndProject
Global
	GlobalSection(SolutionConfigurationPlatforms) = preSolution
		Debug|Any CPU = Debug|Any CPU
		Release|Any CPU = Release|Any CPU
	EndGlobalSection
	GlobalSection(ProjectConfigurationPlatforms) = postSolution
		{D3D8D80C-9F90-4AD5-A617-89AA0EA96F26}.Debug|Any CPU.ActiveCfg = Debug|Any CPU
		{D3D8D80C-9F90-4AD5-A617-89AA0EA96F26}.Debug|Any CPU.Build.0 = Debug|Any CPU
		{D3D8D80C-9F90-4AD5-A617-89AA0EA96F26}.Release|Any CPU.ActiveCfg = Release|Any CPU
		{D3D8D80C-9F90-4AD5-A617-89AA0EA96F26}.Release|Any CPU.Build.0 = Release|Any CPU
	EndGlobalSection
	GlobalSection(SolutionProperties) = preSolution
		HideSolutionNode = FALSE
	EndGlobalSection
	GlobalSection(ExtensibilityGlobals) = postSolution
		SolutionGuid = {01729713-703B-4F7B-A415-ED794BF15A5F}
	EndGlobalSection
EndGlobal
